
Microsoft Visual Studio Solution File, Format Version 12.00
# Visual Studio 15
VisualStudioVersion = 15.0.27703.2000
MinimumVisualStudioVersion = 10.0.40219.1
Project("{2150E333-8FDC-42A3-9474-1A3956D46DE8}") = "1 - UI", "1 - UI", "{1AE29B92-B68E-4C35-93E3-B3D6FB3ED9B5}"
EndProject
Project("{2150E333-8FDC-42A3-9474-1A3956D46DE8}") = "2 - Domain", "2 - Domain", "{A2A43EE3-537D-45EE-AC7D-859C64B15325}"
EndProject
Project("{2150E333-8FDC-42A3-9474-1A3956D46DE8}") = "3 - Infrastructure", "3 - Infrastructure", "{3E340F70-D327-4BC3-A239-5072447F6AD8}"
EndProject
Project("{FAE04EC0-301F-11D3-BF4B-00C04F79EFBC}") = "SGL.ApplicationCore", "src\SGL.ApplicationCore\SGL.ApplicationCore.csproj", "{E1FC4792-9D66-4253-B73C-C2DC24DCF9B5}"
EndProject
Project("{FAE04EC0-301F-11D3-BF4B-00C04F79EFBC}") = "SGL.Infrastructure", "src\SGL.Infrastructure\SGL.Infrastructure.csproj", "{7DFD9723-153F-4C55-A21C-F3CE6A32BAB6}"
EndProject
Project("{FAE04EC0-301F-11D3-BF4B-00C04F79EFBC}") = "SGL.UI.Web", "src\SGL.UI.Web\SGL.UI.Web.csproj", "{9CD58AB2-2214-4809-894B-B8A76A847824}"
EndProject
Global
	GlobalSection(SolutionConfigurationPlatforms) = preSolution
		Debug|Any CPU = Debug|Any CPU
		Release|Any CPU = Release|Any CPU
	EndGlobalSection
	GlobalSection(ProjectConfigurationPlatforms) = postSolution
		{E1FC4792-9D66-4253-B73C-C2DC24DCF9B5}.Debug|Any CPU.ActiveCfg = Debug|Any CPU
		{E1FC4792-9D66-4253-B73C-C2DC24DCF9B5}.Debug|Any CPU.Build.0 = Debug|Any CPU
		{E1FC4792-9D66-4253-B73C-C2DC24DCF9B5}.Release|Any CPU.ActiveCfg = Release|Any CPU
		{E1FC4792-9D66-4253-B73C-C2DC24DCF9B5}.Release|Any CPU.Build.0 = Release|Any CPU
		{7DFD9723-153F-4C55-A21C-F3CE6A32BAB6}.Debug|Any CPU.ActiveCfg = Debug|Any CPU
		{7DFD9723-153F-4C55-A21C-F3CE6A32BAB6}.Debug|Any CPU.Build.0 = Debug|Any CPU
		{7DFD9723-153F-4C55-A21C-F3CE6A32BAB6}.Release|Any CPU.ActiveCfg = Release|Any CPU
		{7DFD9723-153F-4C55-A21C-F3CE6A32BAB6}.Release|Any CPU.Build.0 = Release|Any CPU
		{9CD58AB2-2214-4809-894B-B8A76A847824}.Debug|Any CPU.ActiveCfg = Debug|Any CPU
		{9CD58AB2-2214-4809-894B-B8A76A847824}.Debug|Any CPU.Build.0 = Debug|Any CPU
		{9CD58AB2-2214-4809-894B-B8A76A847824}.Release|Any CPU.ActiveCfg = Release|Any CPU
		{9CD58AB2-2214-4809-894B-B8A76A847824}.Release|Any CPU.Build.0 = Release|Any CPU
	EndGlobalSection
	GlobalSection(SolutionProperties) = preSolution
		HideSolutionNode = FALSE
	EndGlobalSection
	GlobalSection(NestedProjects) = preSolution
		{E1FC4792-9D66-4253-B73C-C2DC24DCF9B5} = {A2A43EE3-537D-45EE-AC7D-859C64B15325}
		{7DFD9723-153F-4C55-A21C-F3CE6A32BAB6} = {3E340F70-D327-4BC3-A239-5072447F6AD8}
		{9CD58AB2-2214-4809-894B-B8A76A847824} = {1AE29B92-B68E-4C35-93E3-B3D6FB3ED9B5}
	EndGlobalSection
	GlobalSection(ExtensibilityGlobals) = postSolution
		SolutionGuid = {74919FE7-53F4-462A-A85E-A601400E9CF9}
	EndGlobalSection
EndGlobal
